// !$*UTF8*$!
{
	archiveVersion = 1;
	classes = {
	};
	objectVersion = 50;
	objects = {

/* Begin PBXBuildFile section */
		0940F12A2583CBBF00CEFC0A /* Tests_iOS.swift in Sources */ = {isa = PBXBuildFile; fileRef = 0940F1292583CBBF00CEFC0A /* Tests_iOS.swift */; };
		0940F1352583CBBF00CEFC0A /* Tests_macOS.swift in Sources */ = {isa = PBXBuildFile; fileRef = 0940F1342583CBBF00CEFC0A /* Tests_macOS.swift */; };
		0940F1372583CBBF00CEFC0A /* FileManagerApp.swift in Sources */ = {isa = PBXBuildFile; fileRef = 0940F10E2583CBBE00CEFC0A /* FileManagerApp.swift */; };
		0940F1382583CBBF00CEFC0A /* FileManagerApp.swift in Sources */ = {isa = PBXBuildFile; fileRef = 0940F10E2583CBBE00CEFC0A /* FileManagerApp.swift */; };
		0940F1392583CBBF00CEFC0A /* ContentView.swift in Sources */ = {isa = PBXBuildFile; fileRef = 0940F10F2583CBBE00CEFC0A /* ContentView.swift */; };
		0940F13A2583CBBF00CEFC0A /* ContentView.swift in Sources */ = {isa = PBXBuildFile; fileRef = 0940F10F2583CBBE00CEFC0A /* ContentView.swift */; };
		0940F13B2583CBBF00CEFC0A /* Assets.xcassets in Resources */ = {isa = PBXBuildFile; fileRef = 0940F1102583CBBF00CEFC0A /* Assets.xcassets */; };
		0940F13C2583CBBF00CEFC0A /* Assets.xcassets in Resources */ = {isa = PBXBuildFile; fileRef = 0940F1102583CBBF00CEFC0A /* Assets.xcassets */; };
/* End PBXBuildFile section */

/* Begin PBXContainerItemProxy section */
		0940F1262583CBBF00CEFC0A /* PBXContainerItemProxy */ = {
			isa = PBXContainerItemProxy;
			containerPortal = 0940F1092583CBBD00CEFC0A /* Project object */;
			proxyType = 1;
			remoteGlobalIDString = 0940F1142583CBBF00CEFC0A;
			remoteInfo = "FileManager (iOS)";
		};
		0940F1312583CBBF00CEFC0A /* PBXContainerItemProxy */ = {
			isa = PBXContainerItemProxy;
			containerPortal = 0940F1092583CBBD00CEFC0A /* Project object */;
			proxyType = 1;
			remoteGlobalIDString = 0940F11C2583CBBF00CEFC0A;
			remoteInfo = "FileManager (macOS)";
		};
/* End PBXContainerItemProxy section */

/* Begin PBXFileReference section */
		0940F10E2583CBBE00CEFC0A /* FileManagerApp.swift */ = {isa = PBXFileReference; lastKnownFileType = sourcecode.swift; path = FileManagerApp.swift; sourceTree = "<group>"; };
		0940F10F2583CBBE00CEFC0A /* ContentView.swift */ = {isa = PBXFileReference; lastKnownFileType = sourcecode.swift; path = ContentView.swift; sourceTree = "<group>"; };
		0940F1102583CBBF00CEFC0A /* Assets.xcassets */ = {isa = PBXFileReference; lastKnownFileType = folder.assetcatalog; path = Assets.xcassets; sourceTree = "<group>"; };
		0940F1152583CBBF00CEFC0A /* FileManager.app */ = {isa = PBXFileReference; explicitFileType = wrapper.application; includeInIndex = 0; path = FileManager.app; sourceTree = BUILT_PRODUCTS_DIR; };
		0940F1182583CBBF00CEFC0A /* Info.plist */ = {isa = PBXFileReference; lastKnownFileType = text.plist.xml; path = Info.plist; sourceTree = "<group>"; };
		0940F11D2583CBBF00CEFC0A /* FileManager.app */ = {isa = PBXFileReference; explicitFileType = wrapper.application; includeInIndex = 0; path = FileManager.app; sourceTree = BUILT_PRODUCTS_DIR; };
		0940F11F2583CBBF00CEFC0A /* Info.plist */ = {isa = PBXFileReference; lastKnownFileType = text.plist.xml; path = Info.plist; sourceTree = "<group>"; };
		0940F1202583CBBF00CEFC0A /* macOS.entitlements */ = {isa = PBXFileReference; lastKnownFileType = text.plist.entitlements; path = macOS.entitlements; sourceTree = "<group>"; };
		0940F1252583CBBF00CEFC0A /* Tests iOS.xctest */ = {isa = PBXFileReference; explicitFileType = wrapper.cfbundle; includeInIndex = 0; path = "Tests iOS.xctest"; sourceTree = BUILT_PRODUCTS_DIR; };
		0940F1292583CBBF00CEFC0A /* Tests_iOS.swift */ = {isa = PBXFileReference; lastKnownFileType = sourcecode.swift; path = Tests_iOS.swift; sourceTree = "<group>"; };
		0940F12B2583CBBF00CEFC0A /* Info.plist */ = {isa = PBXFileReference; lastKnownFileType = text.plist.xml; path = Info.plist; sourceTree = "<group>"; };
		0940F1302583CBBF00CEFC0A /* Tests macOS.xctest */ = {isa = PBXFileReference; explicitFileType = wrapper.cfbundle; includeInIndex = 0; path = "Tests macOS.xctest"; sourceTree = BUILT_PRODUCTS_DIR; };
		0940F1342583CBBF00CEFC0A /* Tests_macOS.swift */ = {isa = PBXFileReference; lastKnownFileType = sourcecode.swift; path = Tests_macOS.swift; sourceTree = "<group>"; };
		0940F1362583CBBF00CEFC0A /* Info.plist */ = {isa = PBXFileReference; lastKnownFileType = text.plist.xml; path = Info.plist; sourceTree = "<group>"; };
/* End PBXFileReference section */

/* Begin PBXFrameworksBuildPhase section */
		0940F1122583CBBF00CEFC0A /* Frameworks */ = {
			isa = PBXFrameworksBuildPhase;
			buildActionMask = 2147483647;
			files = (
			);
			runOnlyForDeploymentPostprocessing = 0;
		};
		0940F11A2583CBBF00CEFC0A /* Frameworks */ = {
			isa = PBXFrameworksBuildPhase;
			buildActionMask = 2147483647;
			files = (
			);
			runOnlyForDeploymentPostprocessing = 0;
		};
		0940F1222583CBBF00CEFC0A /* Frameworks */ = {
			isa = PBXFrameworksBuildPhase;
			buildActionMask = 2147483647;
			files = (
			);
			runOnlyForDeploymentPostprocessing = 0;
		};
		0940F12D2583CBBF00CEFC0A /* Frameworks */ = {
			isa = PBXFrameworksBuildPhase;
			buildActionMask = 2147483647;
			files = (
			);
			runOnlyForDeploymentPostprocessing = 0;
		};
/* End PBXFrameworksBuildPhase section */

/* Begin PBXGroup section */
		0940F1082583CBBD00CEFC0A = {
			isa = PBXGroup;
			children = (
				0940F10D2583CBBE00CEFC0A /* Shared */,
				0940F1172583CBBF00CEFC0A /* iOS */,
				0940F11E2583CBBF00CEFC0A /* macOS */,
				0940F1282583CBBF00CEFC0A /* Tests iOS */,
				0940F1332583CBBF00CEFC0A /* Tests macOS */,
				0940F1162583CBBF00CEFC0A /* Products */,
			);
			sourceTree = "<group>";
		};
		0940F10D2583CBBE00CEFC0A /* Shared */ = {
			isa = PBXGroup;
			children = (
				0940F10E2583CBBE00CEFC0A /* FileManagerApp.swift */,
				0940F10F2583CBBE00CEFC0A /* ContentView.swift */,
				0940F1102583CBBF00CEFC0A /* Assets.xcassets */,
			);
			path = Shared;
			sourceTree = "<group>";
		};
		0940F1162583CBBF00CEFC0A /* Products */ = {
			isa = PBXGroup;
			children = (
				0940F1152583CBBF00CEFC0A /* FileManager.app */,
				0940F11D2583CBBF00CEFC0A /* FileManager.app */,
				0940F1252583CBBF00CEFC0A /* Tests iOS.xctest */,
				0940F1302583CBBF00CEFC0A /* Tests macOS.xctest */,
			);
			name = Products;
			sourceTree = "<group>";
		};
		0940F1172583CBBF00CEFC0A /* iOS */ = {
			isa = PBXGroup;
			children = (
				0940F1182583CBBF00CEFC0A /* Info.plist */,
			);
			path = iOS;
			sourceTree = "<group>";
		};
		0940F11E2583CBBF00CEFC0A /* macOS */ = {
			isa = PBXGroup;
			children = (
				0940F11F2583CBBF00CEFC0A /* Info.plist */,
				0940F1202583CBBF00CEFC0A /* macOS.entitlements */,
			);
			path = macOS;
			sourceTree = "<group>";
		};
		0940F1282583CBBF00CEFC0A /* Tests iOS */ = {
			isa = PBXGroup;
			children = (
				0940F1292583CBBF00CEFC0A /* Tests_iOS.swift */,
				0940F12B2583CBBF00CEFC0A /* Info.plist */,
			);
			path = "Tests iOS";
			sourceTree = "<group>";
		};
		0940F1332583CBBF00CEFC0A /* Tests macOS */ = {
			isa = PBXGroup;
			children = (
				0940F1342583CBBF00CEFC0A /* Tests_macOS.swift */,
				0940F1362583CBBF00CEFC0A /* Info.plist */,
			);
			path = "Tests macOS";
			sourceTree = "<group>";
		};
/* End PBXGroup section */

/* Begin PBXNativeTarget section */
		0940F1142583CBBF00CEFC0A /* FileManager (iOS) */ = {
			isa = PBXNativeTarget;
			buildConfigurationList = 0940F13F2583CBBF00CEFC0A /* Build configuration list for PBXNativeTarget "FileManager (iOS)" */;
			buildPhases = (
				0940F1112583CBBF00CEFC0A /* Sources */,
				0940F1122583CBBF00CEFC0A /* Frameworks */,
				0940F1132583CBBF00CEFC0A /* Resources */,
			);
			buildRules = (
			);
			dependencies = (
			);
			name = "FileManager (iOS)";
			productName = "FileManager (iOS)";
			productReference = 0940F1152583CBBF00CEFC0A /* FileManager.app */;
			productType = "com.apple.product-type.application";
		};
		0940F11C2583CBBF00CEFC0A /* FileManager (macOS) */ = {
			isa = PBXNativeTarget;
			buildConfigurationList = 0940F1422583CBBF00CEFC0A /* Build configuration list for PBXNativeTarget "FileManager (macOS)" */;
			buildPhases = (
				0940F1192583CBBF00CEFC0A /* Sources */,
				0940F11A2583CBBF00CEFC0A /* Frameworks */,
				0940F11B2583CBBF00CEFC0A /* Resources */,
			);
			buildRules = (
			);
			dependencies = (
			);
			name = "FileManager (macOS)";
			productName = "FileManager (macOS)";
			productReference = 0940F11D2583CBBF00CEFC0A /* FileManager.app */;
			productType = "com.apple.product-type.application";
		};
		0940F1242583CBBF00CEFC0A /* Tests iOS */ = {
			isa = PBXNativeTarget;
			buildConfigurationList = 0940F1452583CBBF00CEFC0A /* Build configuration list for PBXNativeTarget "Tests iOS" */;
			buildPhases = (
				0940F1212583CBBF00CEFC0A /* Sources */,
				0940F1222583CBBF00CEFC0A /* Frameworks */,
				0940F1232583CBBF00CEFC0A /* Resources */,
			);
			buildRules = (
			);
			dependencies = (
				0940F1272583CBBF00CEFC0A /* PBXTargetDependency */,
			);
			name = "Tests iOS";
			productName = "Tests iOS";
			productReference = 0940F1252583CBBF00CEFC0A /* Tests iOS.xctest */;
			productType = "com.apple.product-type.bundle.ui-testing";
		};
		0940F12F2583CBBF00CEFC0A /* Tests macOS */ = {
			isa = PBXNativeTarget;
			buildConfigurationList = 0940F1482583CBBF00CEFC0A /* Build configuration list for PBXNativeTarget "Tests macOS" */;
			buildPhases = (
				0940F12C2583CBBF00CEFC0A /* Sources */,
				0940F12D2583CBBF00CEFC0A /* Frameworks */,
				0940F12E2583CBBF00CEFC0A /* Resources */,
			);
			buildRules = (
			);
			dependencies = (
				0940F1322583CBBF00CEFC0A /* PBXTargetDependency */,
			);
			name = "Tests macOS";
			productName = "Tests macOS";
			productReference = 0940F1302583CBBF00CEFC0A /* Tests macOS.xctest */;
			productType = "com.apple.product-type.bundle.ui-testing";
		};
/* End PBXNativeTarget section */

/* Begin PBXProject section */
		0940F1092583CBBD00CEFC0A /* Project object */ = {
			isa = PBXProject;
			attributes = {
				LastSwiftUpdateCheck = 1220;
				LastUpgradeCheck = 1220;
				TargetAttributes = {
					0940F1142583CBBF00CEFC0A = {
						CreatedOnToolsVersion = 12.2;
					};
					0940F11C2583CBBF00CEFC0A = {
						CreatedOnToolsVersion = 12.2;
					};
					0940F1242583CBBF00CEFC0A = {
						CreatedOnToolsVersion = 12.2;
						TestTargetID = 0940F1142583CBBF00CEFC0A;
					};
					0940F12F2583CBBF00CEFC0A = {
						CreatedOnToolsVersion = 12.2;
						TestTargetID = 0940F11C2583CBBF00CEFC0A;
					};
				};
			};
			buildConfigurationList = 0940F10C2583CBBD00CEFC0A /* Build configuration list for PBXProject "FileManager" */;
			compatibilityVersion = "Xcode 9.3";
			developmentRegion = en;
			hasScannedForEncodings = 0;
			knownRegions = (
				en,
				Base,
			);
			mainGroup = 0940F1082583CBBD00CEFC0A;
			productRefGroup = 0940F1162583CBBF00CEFC0A /* Products */;
			projectDirPath = "";
			projectRoot = "";
			targets = (
				0940F1142583CBBF00CEFC0A /* FileManager (iOS) */,
				0940F11C2583CBBF00CEFC0A /* FileManager (macOS) */,
				0940F1242583CBBF00CEFC0A /* Tests iOS */,
				0940F12F2583CBBF00CEFC0A /* Tests macOS */,
			);
		};
/* End PBXProject section */

/* Begin PBXResourcesBuildPhase section */
		0940F1132583CBBF00CEFC0A /* Resources */ = {
			isa = PBXResourcesBuildPhase;
			buildActionMask = 2147483647;
			files = (
				0940F13B2583CBBF00CEFC0A /* Assets.xcassets in Resources */,
			);
			runOnlyForDeploymentPostprocessing = 0;
		};
		0940F11B2583CBBF00CEFC0A /* Resources */ = {
			isa = PBXResourcesBuildPhase;
			buildActionMask = 2147483647;
			files = (
				0940F13C2583CBBF00CEFC0A /* Assets.xcassets in Resources */,
			);
			runOnlyForDeploymentPostprocessing = 0;
		};
		0940F1232583CBBF00CEFC0A /* Resources */ = {
			isa = PBXResourcesBuildPhase;
			buildActionMask = 2147483647;
			files = (
			);
			runOnlyForDeploymentPostprocessing = 0;
		};
		0940F12E2583CBBF00CEFC0A /* Resources */ = {
			isa = PBXResourcesBuildPhase;
			buildActionMask = 2147483647;
			files = (
			);
			runOnlyForDeploymentPostprocessing = 0;
		};
/* End PBXResourcesBuildPhase section */

/* Begin PBXSourcesBuildPhase section */
		0940F1112583CBBF00CEFC0A /* Sources */ = {
			isa = PBXSourcesBuildPhase;
			buildActionMask = 2147483647;
			files = (
				0940F1392583CBBF00CEFC0A /* ContentView.swift in Sources */,
				0940F1372583CBBF00CEFC0A /* FileManagerApp.swift in Sources */,
			);
			runOnlyForDeploymentPostprocessing = 0;
		};
		0940F1192583CBBF00CEFC0A /* Sources */ = {
			isa = PBXSourcesBuildPhase;
			buildActionMask = 2147483647;
			files = (
				0940F13A2583CBBF00CEFC0A /* ContentView.swift in Sources */,
				0940F1382583CBBF00CEFC0A /* FileManagerApp.swift in Sources */,
			);
			runOnlyForDeploymentPostprocessing = 0;
		};
		0940F1212583CBBF00CEFC0A /* Sources */ = {
			isa = PBXSourcesBuildPhase;
			buildActionMask = 2147483647;
			files = (
				0940F12A2583CBBF00CEFC0A /* Tests_iOS.swift in Sources */,
			);
			runOnlyForDeploymentPostprocessing = 0;
		};
		0940F12C2583CBBF00CEFC0A /* Sources */ = {
			isa = PBXSourcesBuildPhase;
			buildActionMask = 2147483647;
			files = (
				0940F1352583CBBF00CEFC0A /* Tests_macOS.swift in Sources */,
			);
			runOnlyForDeploymentPostprocessing = 0;
		};
/* End PBXSourcesBuildPhase section */

/* Begin PBXTargetDependency section */
		0940F1272583CBBF00CEFC0A /* PBXTargetDependency */ = {
			isa = PBXTargetDependency;
			target = 0940F1142583CBBF00CEFC0A /* FileManager (iOS) */;
			targetProxy = 0940F1262583CBBF00CEFC0A /* PBXContainerItemProxy */;
		};
		0940F1322583CBBF00CEFC0A /* PBXTargetDependency */ = {
			isa = PBXTargetDependency;
			target = 0940F11C2583CBBF00CEFC0A /* FileManager (macOS) */;
			targetProxy = 0940F1312583CBBF00CEFC0A /* PBXContainerItemProxy */;
		};
/* End PBXTargetDependency section */

/* Begin XCBuildConfiguration section */
		0940F13D2583CBBF00CEFC0A /* Debug */ = {
			isa = XCBuildConfiguration;
			buildSettings = {
				ALWAYS_SEARCH_USER_PATHS = NO;
				CLANG_ANALYZER_NONNULL = YES;
				CLANG_ANALYZER_NUMBER_OBJECT_CONVERSION = YES_AGGRESSIVE;
				CLANG_CXX_LANGUAGE_STANDARD = "gnu++14";
				CLANG_CXX_LIBRARY = "libc++";
				CLANG_ENABLE_MODULES = YES;
				CLANG_ENABLE_OBJC_ARC = YES;
				CLANG_ENABLE_OBJC_WEAK = YES;
				CLANG_WARN_BLOCK_CAPTURE_AUTORELEASING = YES;
				CLANG_WARN_BOOL_CONVERSION = YES;
				CLANG_WARN_COMMA = YES;
				CLANG_WARN_CONSTANT_CONVERSION = YES;
				CLANG_WARN_DEPRECATED_OBJC_IMPLEMENTATIONS = YES;
				CLANG_WARN_DIRECT_OBJC_ISA_USAGE = YES_ERROR;
				CLANG_WARN_DOCUMENTATION_COMMENTS = YES;
				CLANG_WARN_EMPTY_BODY = YES;
				CLANG_WARN_ENUM_CONVERSION = YES;
				CLANG_WARN_INFINITE_RECURSION = YES;
				CLANG_WARN_INT_CONVERSION = YES;
				CLANG_WARN_NON_LITERAL_NULL_CONVERSION = YES;
				CLANG_WARN_OBJC_IMPLICIT_RETAIN_SELF = YES;
				CLANG_WARN_OBJC_LITERAL_CONVERSION = YES;
				CLANG_WARN_OBJC_ROOT_CLASS = YES_ERROR;
				CLANG_WARN_QUOTED_INCLUDE_IN_FRAMEWORK_HEADER = YES;
				CLANG_WARN_RANGE_LOOP_ANALYSIS = YES;
				CLANG_WARN_STRICT_PROTOTYPES = YES;
				CLANG_WARN_SUSPICIOUS_MOVE = YES;
				CLANG_WARN_UNGUARDED_AVAILABILITY = YES_AGGRESSIVE;
				CLANG_WARN_UNREACHABLE_CODE = YES;
				CLANG_WARN__DUPLICATE_METHOD_MATCH = YES;
				COPY_PHASE_STRIP = NO;
				DEBUG_INFORMATION_FORMAT = dwarf;
				ENABLE_STRICT_OBJC_MSGSEND = YES;
				ENABLE_TESTABILITY = YES;
				GCC_C_LANGUAGE_STANDARD = gnu11;
				GCC_DYNAMIC_NO_PIC = NO;
				GCC_NO_COMMON_BLOCKS = YES;
				GCC_OPTIMIZATION_LEVEL = 0;
				GCC_PREPROCESSOR_DEFINITIONS = (
					"DEBUG=1",
					"$(inherited)",
				);
				GCC_WARN_64_TO_32_BIT_CONVERSION = YES;
				GCC_WARN_ABOUT_RETURN_TYPE = YES_ERROR;
				GCC_WARN_UNDECLARED_SELECTOR = YES;
				GCC_WARN_UNINITIALIZED_AUTOS = YES_AGGRESSIVE;
				GCC_WARN_UNUSED_FUNCTION = YES;
				GCC_WARN_UNUSED_VARIABLE = YES;
				MTL_ENABLE_DEBUG_INFO = INCLUDE_SOURCE;
				MTL_FAST_MATH = YES;
				ONLY_ACTIVE_ARCH = YES;
				SWIFT_ACTIVE_COMPILATION_CONDITIONS = DEBUG;
				SWIFT_OPTIMIZATION_LEVEL = "-Onone";
			};
			name = Debug;
		};
		0940F13E2583CBBF00CEFC0A /* Release */ = {
			isa = XCBuildConfiguration;
			buildSettings = {
				ALWAYS_SEARCH_USER_PATHS = NO;
				CLANG_ANALYZER_NONNULL = YES;
				CLANG_ANALYZER_NUMBER_OBJECT_CONVERSION = YES_AGGRESSIVE;
				CLANG_CXX_LANGUAGE_STANDARD = "gnu++14";
				CLANG_CXX_LIBRARY = "libc++";
				CLANG_ENABLE_MODULES = YES;
				CLANG_ENABLE_OBJC_ARC = YES;
				CLANG_ENABLE_OBJC_WEAK = YES;
				CLANG_WARN_BLOCK_CAPTURE_AUTORELEASING = YES;
				CLANG_WARN_BOOL_CONVERSION = YES;
				CLANG_WARN_COMMA = YES;
				CLANG_WARN_CONSTANT_CONVERSION = YES;
				CLANG_WARN_DEPRECATED_OBJC_IMPLEMENTATIONS = YES;
				CLANG_WARN_DIRECT_OBJC_ISA_USAGE = YES_ERROR;
				CLANG_WARN_DOCUMENTATION_COMMENTS = YES;
				CLANG_WARN_EMPTY_BODY = YES;
				CLANG_WARN_ENUM_CONVERSION = YES;
				CLANG_WARN_INFINITE_RECURSION = YES;
				CLANG_WARN_INT_CONVERSION = YES;
				CLANG_WARN_NON_LITERAL_NULL_CONVERSION = YES;
				CLANG_WARN_OBJC_IMPLICIT_RETAIN_SELF = YES;
				CLANG_WARN_OBJC_LITERAL_CONVERSION = YES;
				CLANG_WARN_OBJC_ROOT_CLASS = YES_ERROR;
				CLANG_WARN_QUOTED_INCLUDE_IN_FRAMEWORK_HEADER = YES;
				CLANG_WARN_RANGE_LOOP_ANALYSIS = YES;
				CLANG_WARN_STRICT_PROTOTYPES = YES;
				CLANG_WARN_SUSPICIOUS_MOVE = YES;
				CLANG_WARN_UNGUARDED_AVAILABILITY = YES_AGGRESSIVE;
				CLANG_WARN_UNREACHABLE_CODE = YES;
				CLANG_WARN__DUPLICATE_METHOD_MATCH = YES;
				COPY_PHASE_STRIP = NO;
				DEBUG_INFORMATION_FORMAT = "dwarf-with-dsym";
				ENABLE_NS_ASSERTIONS = NO;
				ENABLE_STRICT_OBJC_MSGSEND = YES;
				GCC_C_LANGUAGE_STANDARD = gnu11;
				GCC_NO_COMMON_BLOCKS = YES;
				GCC_WARN_64_TO_32_BIT_CONVERSION = YES;
				GCC_WARN_ABOUT_RETURN_TYPE = YES_ERROR;
				GCC_WARN_UNDECLARED_SELECTOR = YES;
				GCC_WARN_UNINITIALIZED_AUTOS = YES_AGGRESSIVE;
				GCC_WARN_UNUSED_FUNCTION = YES;
				GCC_WARN_UNUSED_VARIABLE = YES;
				MTL_ENABLE_DEBUG_INFO = NO;
				MTL_FAST_MATH = YES;
				SWIFT_COMPILATION_MODE = wholemodule;
				SWIFT_OPTIMIZATION_LEVEL = "-O";
			};
			name = Release;
		};
		0940F1402583CBBF00CEFC0A /* Debug */ = {
			isa = XCBuildConfiguration;
			buildSettings = {
				ASSETCATALOG_COMPILER_APPICON_NAME = AppIcon;
				ASSETCATALOG_COMPILER_GLOBAL_ACCENT_COLOR_NAME = AccentColor;
				CODE_SIGN_STYLE = Automatic;
				DEVELOPMENT_TEAM = 4F95F96C4N;
				ENABLE_PREVIEWS = YES;
				INFOPLIST_FILE = iOS/Info.plist;
				IPHONEOS_DEPLOYMENT_TARGET = 14.0;
				LD_RUNPATH_SEARCH_PATHS = (
					"$(inherited)",
					"@executable_path/Frameworks",
				);
				PRODUCT_BUNDLE_IDENTIFIER = saucedesigns.FileManager;
				PRODUCT_NAME = FileManager;
				SDKROOT = iphoneos;
				SWIFT_VERSION = 5.0;
				TARGETED_DEVICE_FAMILY = "1,2";
			};
			name = Debug;
		};
		0940F1412583CBBF00CEFC0A /* Release */ = {
			isa = XCBuildConfiguration;
			buildSettings = {
				ASSETCATALOG_COMPILER_APPICON_NAME = AppIcon;
				ASSETCATALOG_COMPILER_GLOBAL_ACCENT_COLOR_NAME = AccentColor;
				CODE_SIGN_STYLE = Automatic;
				DEVELOPMENT_TEAM = 4F95F96C4N;
				ENABLE_PREVIEWS = YES;
				INFOPLIST_FILE = iOS/Info.plist;
				IPHONEOS_DEPLOYMENT_TARGET = 14.0;
				LD_RUNPATH_SEARCH_PATHS = (
					"$(inherited)",
					"@executable_path/Frameworks",
				);
				PRODUCT_BUNDLE_IDENTIFIER = saucedesigns.FileManager;
				PRODUCT_NAME = FileManager;
				SDKROOT = iphoneos;
				SWIFT_VERSION = 5.0;
				TARGETED_DEVICE_FAMILY = "1,2";
				VALIDATE_PRODUCT = YES;
			};
			name = Release;
		};
		0940F1432583CBBF00CEFC0A /* Debug */ = {
			isa = XCBuildConfiguration;
			buildSettings = {
				ASSETCATALOG_COMPILER_APPICON_NAME = AppIcon;
				ASSETCATALOG_COMPILER_GLOBAL_ACCENT_COLOR_NAME = AccentColor;
				CODE_SIGN_ENTITLEMENTS = macOS/macOS.entitlements;
				CODE_SIGN_STYLE = Automatic;
				COMBINE_HIDPI_IMAGES = YES;
				DEVELOPMENT_TEAM = 4F95F96C4N;
				ENABLE_HARDENED_RUNTIME = YES;
				ENABLE_PREVIEWS = YES;
				INFOPLIST_FILE = macOS/Info.plist;
				LD_RUNPATH_SEARCH_PATHS = (
					"$(inherited)",
					"@executable_path/../Frameworks",
				);
				MACOSX_DEPLOYMENT_TARGET = 11.0;
				PRODUCT_BUNDLE_IDENTIFIER = saucedesigns.FileManager;
				PRODUCT_NAME = FileManager;
				SDKROOT = macosx;
				SWIFT_VERSION = 5.0;
			};
			name = Debug;
		};
		0940F1442583CBBF00CEFC0A /* Release */ = {
			isa = XCBuildConfiguration;
			buildSettings = {
				ASSETCATALOG_COMPILER_APPICON_NAME = AppIcon;
				ASSETCATALOG_COMPILER_GLOBAL_ACCENT_COLOR_NAME = AccentColor;
				CODE_SIGN_ENTITLEMENTS = macOS/macOS.entitlements;
				CODE_SIGN_STYLE = Automatic;
				COMBINE_HIDPI_IMAGES = YES;
				DEVELOPMENT_TEAM = 4F95F96C4N;
				ENABLE_HARDENED_RUNTIME = YES;
				ENABLE_PREVIEWS = YES;
				INFOPLIST_FILE = macOS/Info.plist;
				LD_RUNPATH_SEARCH_PATHS = (
					"$(inherited)",
					"@executable_path/../Frameworks",
				);
				MACOSX_DEPLOYMENT_TARGET = 11.0;
				PRODUCT_BUNDLE_IDENTIFIER = saucedesigns.FileManager;
				PRODUCT_NAME = FileManager;
				SDKROOT = macosx;
				SWIFT_VERSION = 5.0;
			};
			name = Release;
		};
		0940F1462583CBBF00CEFC0A /* Debug */ = {
			isa = XCBuildConfiguration;
			buildSettings = {
				ALWAYS_EMBED_SWIFT_STANDARD_LIBRARIES = YES;
				CODE_SIGN_STYLE = Automatic;
				DEVELOPMENT_TEAM = 4F95F96C4N;
				INFOPLIST_FILE = "Tests iOS/Info.plist";
				IPHONEOS_DEPLOYMENT_TARGET = 14.2;
				LD_RUNPATH_SEARCH_PATHS = (
					"$(inherited)",
					"@executable_path/Frameworks",
					"@loader_path/Frameworks",
				);
				PRODUCT_BUNDLE_IDENTIFIER = "saucedesigns.Tests-iOS";
				PRODUCT_NAME = "$(TARGET_NAME)";
				SDKROOT = iphoneos;
				SWIFT_VERSION = 5.0;
				TARGETED_DEVICE_FAMILY = "1,2";
				TEST_TARGET_NAME = "FileManager (iOS)";
			};
			name = Debug;
		};
		0940F1472583CBBF00CEFC0A /* Release */ = {
			isa = XCBuildConfiguration;
			buildSettings = {
				ALWAYS_EMBED_SWIFT_STANDARD_LIBRARIES = YES;
				CODE_SIGN_STYLE = Automatic;
				DEVELOPMENT_TEAM = 4F95F96C4N;
				INFOPLIST_FILE = "Tests iOS/Info.plist";
				IPHONEOS_DEPLOYMENT_TARGET = 14.2;
				LD_RUNPATH_SEARCH_PATHS = (
					"$(inherited)",
					"@executable_path/Frameworks",
					"@loader_path/Frameworks",
				);
				PRODUCT_BUNDLE_IDENTIFIER = "saucedesigns.Tests-iOS";
				PRODUCT_NAME = "$(TARGET_NAME)";
				SDKROOT = iphoneos;
				SWIFT_VERSION = 5.0;
				TARGETED_DEVICE_FAMILY = "1,2";
				TEST_TARGET_NAME = "FileManager (iOS)";
				VALIDATE_PRODUCT = YES;
			};
			name = Release;
		};
		0940F1492583CBBF00CEFC0A /* Debug */ = {
			isa = XCBuildConfiguration;
			buildSettings = {
				ALWAYS_EMBED_SWIFT_STANDARD_LIBRARIES = YES;
				CODE_SIGN_STYLE = Automatic;
				COMBINE_HIDPI_IMAGES = YES;
				DEVELOPMENT_TEAM = 4F95F96C4N;
				INFOPLIST_FILE = "Tests macOS/Info.plist";
				LD_RUNPATH_SEARCH_PATHS = (
					"$(inherited)",
					"@executable_path/../Frameworks",
					"@loader_path/../Frameworks",
				);
				MACOSX_DEPLOYMENT_TARGET = 11.0;
				PRODUCT_BUNDLE_IDENTIFIER = "saucedesigns.Tests-macOS";
				PRODUCT_NAME = "$(TARGET_NAME)";
				SDKROOT = macosx;
				SWIFT_VERSION = 5.0;
				TEST_TARGET_NAME = "FileManager (macOS)";
			};
			name = Debug;
		};
		0940F14A2583CBBF00CEFC0A /* Release */ = {
			isa = XCBuildConfiguration;
			buildSettings = {
				ALWAYS_EMBED_SWIFT_STANDARD_LIBRARIES = YES;
				CODE_SIGN_STYLE = Automatic;
				COMBINE_HIDPI_IMAGES = YES;
				DEVELOPMENT_TEAM = 4F95F96C4N;
				INFOPLIST_FILE = "Tests macOS/Info.plist";
				LD_RUNPATH_SEARCH_PATHS = (
					"$(inherited)",
					"@executable_path/../Frameworks",
					"@loader_path/../Frameworks",
				);
				MACOSX_DEPLOYMENT_TARGET = 11.0;
				PRODUCT_BUNDLE_IDENTIFIER = "saucedesigns.Tests-macOS";
				PRODUCT_NAME = "$(TARGET_NAME)";
				SDKROOT = macosx;
				SWIFT_VERSION = 5.0;
				TEST_TARGET_NAME = "FileManager (macOS)";
			};
			name = Release;
		};
/* End XCBuildConfiguration section */

/* Begin XCConfigurationList section */
		0940F10C2583CBBD00CEFC0A /* Build configuration list for PBXProject "FileManager" */ = {
			isa = XCConfigurationList;
			buildConfigurations = (
				0940F13D2583CBBF00CEFC0A /* Debug */,
				0940F13E2583CBBF00CEFC0A /* Release */,
			);
			defaultConfigurationIsVisible = 0;
			defaultConfigurationName = Release;
		};
		0940F13F2583CBBF00CEFC0A /* Build configuration list for PBXNativeTarget "FileManager (iOS)" */ = {
			isa = XCConfigurationList;
			buildConfigurations = (
				0940F1402583CBBF00CEFC0A /* Debug */,
				0940F1412583CBBF00CEFC0A /* Release */,
			);
			defaultConfigurationIsVisible = 0;
			defaultConfigurationName = Release;
		};
		0940F1422583CBBF00CEFC0A /* Build configuration list for PBXNativeTarget "FileManager (macOS)" */ = {
			isa = XCConfigurationList;
			buildConfigurations = (
				0940F1432583CBBF00CEFC0A /* Debug */,
				0940F1442583CBBF00CEFC0A /* Release */,
			);
			defaultConfigurationIsVisible = 0;
			defaultConfigurationName = Release;
		};
		0940F1452583CBBF00CEFC0A /* Build configuration list for PBXNativeTarget "Tests iOS" */ = {
			isa = XCConfigurationList;
			buildConfigurations = (
				0940F1462583CBBF00CEFC0A /* Debug */,
				0940F1472583CBBF00CEFC0A /* Release */,
			);
			defaultConfigurationIsVisible = 0;
			defaultConfigurationName = Release;
		};
		0940F1482583CBBF00CEFC0A /* Build configuration list for PBXNativeTarget "Tests macOS" */ = {
			isa = XCConfigurationList;
			buildConfigurations = (
				0940F1492583CBBF00CEFC0A /* Debug */,
				0940F14A2583CBBF00CEFC0A /* Release */,
			);
			defaultConfigurationIsVisible = 0;
			defaultConfigurationName = Release;
		};
/* End XCConfigurationList section */
	};
	rootObject = 0940F1092583CBBD00CEFC0A /* Project object */;
}
